PODS:
  - Google-Mobile-Ads-SDK (7.39.0)
  - SwiftWebSocket (2.7.0)
  - ZAlertView (1.0.4)

DEPENDENCIES:
  - Google-Mobile-Ads-SDK
  - SwiftWebSocket
  - ZAlertView

SPEC REPOS:
  https://github.com/cocoapods/specs.git:
    - Google-Mobile-Ads-SDK
    - SwiftWebSocket
    - ZAlertView

SPEC CHECKSUMS:
  Google-Mobile-Ads-SDK: d0f10a7c4d7015db23075ff316602350d12049db
  SwiftWebSocket: 612c9729fd503cb6b0b8b45390c788686dac306f
  ZAlertView: 59fffdb4e37a01df461835566d5101052b8af953

PODFILE CHECKSUM: 853052221a2c5f69982cf6e6272a413a2047ddb9

COCOAPODS: 1.5.3
